
Microsoft Visual Studio Solution File, Format Version 12.00
# Visual Studio 15
Project("{FAE04EC0-301F-11D3-BF4B-00C04F79EFBC}") = "Aoc._2019", "Aoc._2019.csproj", "{148F6087-19C6-418B-8126-929753AAAAEB}"
EndProject
Global
	GlobalSection(SolutionConfigurationPlatforms) = preSolution
		Debug|Any CPU = Debug|Any CPU
		Release|Any CPU = Release|Any CPU
	EndGlobalSection
	GlobalSection(ProjectConfigurationPlatforms) = postSolution
		{148F6087-19C6-418B-8126-929753AAAAEB}.Debug|Any CPU.ActiveCfg = Debug|Any CPU
		{148F6087-19C6-418B-8126-929753AAAAEB}.Debug|Any CPU.Build.0 = Debug|Any CPU
		{148F6087-19C6-418B-8126-929753AAAAEB}.Release|Any CPU.ActiveCfg = Release|Any CPU
		{148F6087-19C6-418B-8126-929753AAAAEB}.Release|Any CPU.Build.0 = Release|Any CPU
	EndGlobalSection
EndGlobal
